schema: '2.0'
stages:
  preprocess:
    cmd: python preprocessing/preprocess_task.py
    deps:
    - path: data/raw
      hash: md5
      md5: cad986e881633ec23cc1ac2ebbd77e4e.dir
      size: 120492
      nfiles: 4
    - path: preprocessing/preprocess_task.py
      hash: md5
      md5: 4fa66d38a3045d446b162e9deae57b0c
      size: 3855
    - path: version_meta.json
      hash: md5
      md5: 641654a2449589c4eb672641d29122a0
      size: 637
    outs:
    - path: artifacts/preprocess
      hash: md5
      md5: 0e22b816ee5cd7b4dc44258cf744b832.dir
      size: 3367
      nfiles: 2
  train_outlier:
    cmd: python train/train_outlier_detector_task.py
    deps:
    - path: artifacts/preprocess
      hash: md5
      md5: 0e22b816ee5cd7b4dc44258cf744b832.dir
      size: 3367
      nfiles: 2
    - path: train/train_outlier_detector_task.py
      hash: md5
      md5: c890fad05138f5998f3bb66aaa32f5f3
      size: 5042
    outs:
    - path: artifacts/models/outlier
      hash: md5
      md5: a15799cd723e1cf47eaad263c90f5f55.dir
      size: 1781007
      nfiles: 2
  train_model:
    cmd: python train/train_fraud_detector_task.py
    deps:
    - path: artifacts/preprocess
      hash: md5
      md5: 0e22b816ee5cd7b4dc44258cf744b832.dir
      size: 3367
      nfiles: 2
    - path: train/train_fraud_detector_task.py
      hash: md5
      md5: 376a9c78fc1a8666efdce659aa84b446
      size: 8927
    outs:
    - path: artifacts/models/fraud
      hash: md5
      md5: afdd6f6627a8ffebccc6d7d967b42e45.dir
      size: 4615
      nfiles: 2
