schema: '2.0'
stages:
  preprocess:
    cmd: python data/preprocessing/preprocess_task.py
    deps:
    - path: data/preprocessing/preprocess_task.py
      hash: md5
      md5: 70945dfedd682c4a0ceb3ee772b72710
      size: 2580
    - path: data/raw
      hash: md5
      md5: 2f069314612269713867f577f177eae5.dir
      size: 60246
      nfiles: 2
    outs:
    - path: artifacts/preprocess
      hash: md5
      md5: 5d86b199839e6032f08a0771b8bde7d8.dir
      size: 3367
      nfiles: 2
  train_outlier:
    cmd: python models/train_outlier_detector_task.py
    deps:
    - path: artifacts/preprocess
      hash: md5
      md5: 5d86b199839e6032f08a0771b8bde7d8.dir
      size: 3367
      nfiles: 2
    - path: models/train_outlier_detector_task.py
      hash: md5
      md5: 4d0f006776e2456a53ae00a09786dc4a
      size: 5067
    outs:
    - path: artifacts/models/outlier
      hash: md5
      md5: 4c91c555fe0725c70461ee13a45350f3.dir
      size: 1941152
      nfiles: 2
  train_model:
    cmd: python models/train_fraud_detector_task.py
    deps:
    - path: artifacts/preprocess
      hash: md5
      md5: 5d86b199839e6032f08a0771b8bde7d8.dir
      size: 3367
      nfiles: 2
    - path: models/train_fraud_detector_task.py
      hash: md5
      md5: c2980b68d45d4e499e7f32f3763241e0
      size: 8057
    outs:
    - path: artifacts/models/fraud
      hash: md5
      md5: 5ac1781122e50b55ce3e716a797c405c.dir
      size: 4613
      nfiles: 2
  ingest:
    cmd: python data/ingest/etl_task.py && python data/ingest/download_data.py
    deps:
    - path: data/ingest
      hash: md5
      md5: 3098e752c76109c2289fd075c930ead5.dir
      size: 9504
      nfiles: 3
    outs:
    - path: data/raw
      hash: md5
      md5: 2f069314612269713867f577f177eae5.dir
      size: 60246
      nfiles: 2
